
Microsoft Visual Studio Solution File, Format Version 12.00
# Visual Studio Version 17
VisualStudioVersion = 17.14.36221.1 d17.14
MinimumVisualStudioVersion = 10.0.40219.1
Project("{FAE04EC0-301F-11D3-BF4B-00C04F79EFBC}") = "CourseManager", "CourseManager\CourseManager.csproj", "{CA14BB77-ED45-47FF-A91D-17D3EA78B974}"
EndProject
Global
	GlobalSection(SolutionConfigurationPlatforms) = preSolution
		Debug|Any CPU = Debug|Any CPU
		Release|Any CPU = Release|Any CPU
	EndGlobalSection
	GlobalSection(ProjectConfigurationPlatforms) = postSolution
		{CA14BB77-ED45-47FF-A91D-17D3EA78B974}.Debug|Any CPU.ActiveCfg = Debug|Any CPU
		{CA14BB77-ED45-47FF-A91D-17D3EA78B974}.Debug|Any CPU.Build.0 = Debug|Any CPU
		{CA14BB77-ED45-47FF-A91D-17D3EA78B974}.Release|Any CPU.ActiveCfg = Release|Any CPU
		{CA14BB77-ED45-47FF-A91D-17D3EA78B974}.Release|Any CPU.Build.0 = Release|Any CPU
	EndGlobalSection
	GlobalSection(SolutionProperties) = preSolution
		HideSolutionNode = FALSE
	EndGlobalSection
	GlobalSection(ExtensibilityGlobals) = postSolution
		SolutionGuid = {48C0804E-7290-4C33-85B6-10443519DFE0}
	EndGlobalSection
EndGlobal
